{
  "requires": true,
  "lockfileVersion": 1,
  "dependencies": {
    "commander": {
      "version": "0.6.1",
      "resolved": "https://registry.npmjs.org/commander/-/commander-0.6.1.tgz",
      "integrity": "sha512-0fLycpl1UMTGX257hRsu/arL/cUbcvQM4zMKwvLvzXtfdezIV4yotPS2dYtknF+NmEfWSoCEF6+hj9XLm/6hEw=="
    },
    "g": {
      "version": "2.0.1",
      "resolved": "https://registry.npmjs.org/g/-/g-2.0.1.tgz",
      "integrity": "sha512-Fi6Ng5fZ/ANLQ15H11hCe+09sgUoNvDEBevVgx3KoYOhsH5iLNPn54hx0jPZ+3oSWr+xajnp2Qau9VmPsc7hTA=="
    },
    "touch-cli": {
      "version": "0.0.1",
      "resolved": "https://registry.npmjs.org/touch-cli/-/touch-cli-0.0.1.tgz",
      "integrity": "sha512-NqFJf+83U4VoPAqv1aG+JrWXwPMKUyPL2zvzJq9n88gBMYlzM5Qgq8Haqs2O2ng4yPwlU9p2KaegJ/W6bkr2fQ==",
      "requires": {
        "commander": "0.6.1"
      }
    }
  }
}
